{
  "name": "vue-prototype",
  "version": "0.1.0",
  "lockfileVersion": 1,
  "requires": true,
  "dependencies": {
    "@mdi/font": {
      "version": "4.9.95",
      "resolved": "https://registry.npmjs.org/@mdi/font/-/font-4.9.95.tgz",
      "integrity": "sha512-m2sbAs+SMwRnWpkMriBxEulwuhmqRyh6X+hdOZlqSxYZUM2C2TaDnQ4gcilzdoAgru2XYnWViZ/xPuSDGgRXVw==",
      "dev": true
    },
    "http-vue-loader": {
      "version": "1.4.1",
      "resolved": "https://registry.npmjs.org/http-vue-loader/-/http-vue-loader-1.4.1.tgz",
      "integrity": "sha512-76YWtwNlyMVg6hmq8slUaadeBTXSPXHO2NrU2+tdZ8gMk0qWRYiI+NK/Qul6D5za5gzH1r6SmDrgsy4WTtECpA==",
      "dev": true
    },
    "vue": {
      "version": "2.6.11",
      "resolved": "https://registry.npmjs.org/vue/-/vue-2.6.11.tgz",
      "integrity": "sha512-VfPwgcGABbGAue9+sfrD4PuwFar7gPb1yl1UK1MwXoQPAw0BKSqWfoYCT/ThFrdEVWoI51dBuyCoiNU9bZDZxQ==",
      "dev": true
    },
    "vue-router": {
      "version": "3.1.5",
      "resolved": "https://registry.npmjs.org/vue-router/-/vue-router-3.1.5.tgz",
      "integrity": "sha512-BszkPvhl7I9h334GjckCh7sVFyjTPMMJFJ4Bsrem/Ik+B/9gt5tgrk8k4gGLO4ZpdvciVdg7O41gW4DisQWurg==",
      "dev": true
    },
    "vuetify": {
      "version": "2.6.10",
      "resolved": "https://registry.npmjs.org/vuetify/-/vuetify-2.6.10.tgz",
      "integrity": "sha512-fgUeRDDCwYkwu6WGEEKGe7IdfzOsXJCZGrqkn1pcS2ycuoDL8mR2/dejH5iFNnBY6MnsT365PAGn0J+9otjfQg==",
      "dev": true
    }
  }
}
